
Microsoft Visual Studio Solution File, Format Version 12.00
# Visual Studio Version 17
VisualStudioVersion = 17.4.33213.308
MinimumVisualStudioVersion = 10.0.40219.1
Project("{9A19103F-16F7-4668-BE54-9A1E7A4F7556}") = "1", "1\1.csproj", "{16319E83-6F1D-453D-B749-6030AE09FFA0}"
EndProject
Project("{FAE04EC0-301F-11D3-BF4B-00C04F79EFBC}") = "1.tests", "1.tests\1.tests.csproj", "{61D575B2-BB6C-4606-AB93-25EBDE00A84F}"
EndProject
Global
	GlobalSection(SolutionConfigurationPlatforms) = preSolution
		Debug|Any CPU = Debug|Any CPU
		Release|Any CPU = Release|Any CPU
	EndGlobalSection
	GlobalSection(ProjectConfigurationPlatforms) = postSolution
		{16319E83-6F1D-453D-B749-6030AE09FFA0}.Debug|Any CPU.ActiveCfg = Debug|Any CPU
		{16319E83-6F1D-453D-B749-6030AE09FFA0}.Debug|Any CPU.Build.0 = Debug|Any CPU
		{16319E83-6F1D-453D-B749-6030AE09FFA0}.Release|Any CPU.ActiveCfg = Release|Any CPU
		{16319E83-6F1D-453D-B749-6030AE09FFA0}.Release|Any CPU.Build.0 = Release|Any CPU
		{61D575B2-BB6C-4606-AB93-25EBDE00A84F}.Debug|Any CPU.ActiveCfg = Debug|Any CPU
		{61D575B2-BB6C-4606-AB93-25EBDE00A84F}.Debug|Any CPU.Build.0 = Debug|Any CPU
		{61D575B2-BB6C-4606-AB93-25EBDE00A84F}.Release|Any CPU.ActiveCfg = Release|Any CPU
		{61D575B2-BB6C-4606-AB93-25EBDE00A84F}.Release|Any CPU.Build.0 = Release|Any CPU
	EndGlobalSection
	GlobalSection(SolutionProperties) = preSolution
		HideSolutionNode = FALSE
	EndGlobalSection
	GlobalSection(ExtensibilityGlobals) = postSolution
		SolutionGuid = {A2856CC7-419B-45AF-840E-64234A1CA98B}
	EndGlobalSection
EndGlobal
